
Microsoft Visual Studio Solution File, Format Version 12.00
# Visual Studio 14
VisualStudioVersion = 14.0.25420.1
MinimumVisualStudioVersion = 10.0.40219.1
Project("{FAE04EC0-301F-11D3-BF4B-00C04F79EFBC}") = "TechSummit_APP010_ME_Demo", "TechSummit_APP010_ME_Demo\TechSummit_APP010_ME_Demo\TechSummit_APP010_ME_Demo.csproj", "{64671E01-1E62-4473-8685-563871C7296C}"
EndProject
Project("{FAE04EC0-301F-11D3-BF4B-00C04F79EFBC}") = "TechSummit_APP010_ME_Demo.Droid", "TechSummit_APP010_ME_Demo\TechSummit_APP010_ME_Demo.Droid\TechSummit_APP010_ME_Demo.Droid.csproj", "{64EA991D-D1FB-468E-994F-57C5C43C09AA}"
EndProject
Project("{FAE04EC0-301F-11D3-BF4B-00C04F79EFBC}") = "TechSummit_APP010_ME_Demo.iOS", "TechSummit_APP010_ME_Demo\TechSummit_APP010_ME_Demo.iOS\TechSummit_APP010_ME_Demo.iOS.csproj", "{E5FCD2B5-50DD-4ABE-B72B-7BB559553B94}"
EndProject
Project("{FAE04EC0-301F-11D3-BF4B-00C04F79EFBC}") = "TechSummit_APP010_ME_Demo.UWP", "TechSummit_APP010_ME_Demo\TechSummit_APP010_ME_Demo.UWP\TechSummit_APP010_ME_Demo.UWP.csproj", "{62A2AF7E-FC21-4C92-B035-258002E507BA}"
EndProject
Global
	GlobalSection(SolutionConfigurationPlatforms) = preSolution
		Ad-Hoc|Any CPU = Ad-Hoc|Any CPU
		Ad-Hoc|ARM = Ad-Hoc|ARM
		Ad-Hoc|iPhone = Ad-Hoc|iPhone
		Ad-Hoc|iPhoneSimulator = Ad-Hoc|iPhoneSimulator
		Ad-Hoc|x64 = Ad-Hoc|x64
		Ad-Hoc|x86 = Ad-Hoc|x86
		AppStore|Any CPU = AppStore|Any CPU
		AppStore|ARM = AppStore|ARM
		AppStore|iPhone = AppStore|iPhone
		AppStore|iPhoneSimulator = AppStore|iPhoneSimulator
		AppStore|x64 = AppStore|x64
		AppStore|x86 = AppStore|x86
		Debug|Any CPU = Debug|Any CPU
		Debug|ARM = Debug|ARM
		Debug|iPhone = Debug|iPhone
		Debug|iPhoneSimulator = Debug|iPhoneSimulator
		Debug|x64 = Debug|x64
		Debug|x86 = Debug|x86
		Release|Any CPU = Release|Any CPU
		Release|ARM = Release|ARM
		Release|iPhone = Release|iPhone
		Release|iPhoneSimulator = Release|iPhoneSimulator
		Release|x64 = Release|x64
		Release|x86 = Release|x86
	EndGlobalSection
	GlobalSection(ProjectConfigurationPlatforms) = postSolution
		{64671E01-1E62-4473-8685-563871C7296C}.Ad-Hoc|Any CPU.ActiveCfg = Release|Any CPU
		{64671E01-1E62-4473-8685-563871C7296C}.Ad-Hoc|Any CPU.Build.0 = Release|Any CPU
		{64671E01-1E62-4473-8685-563871C7296C}.Ad-Hoc|ARM.ActiveCfg = Release|Any CPU
		{64671E01-1E62-4473-8685-563871C7296C}.Ad-Hoc|ARM.Build.0 = Release|Any CPU
		{64671E01-1E62-4473-8685-563871C7296C}.Ad-Hoc|iPhone.ActiveCfg = Release|Any CPU
		{64671E01-1E62-4473-8685-563871C7296C}.Ad-Hoc|iPhone.Build.0 = Release|Any CPU
		{64671E01-1E62-4473-8685-563871C7296C}.Ad-Hoc|iPhoneSimulator.ActiveCfg = Release|Any CPU
		{64671E01-1E62-4473-8685-563871C7296C}.Ad-Hoc|iPhoneSimulator.Build.0 = Release|Any CPU
		{64671E01-1E62-4473-8685-563871C7296C}.Ad-Hoc|x64.ActiveCfg = Release|Any CPU
		{64671E01-1E62-4473-8685-563871C7296C}.Ad-Hoc|x64.Build.0 = Release|Any CPU
		{64671E01-1E62-4473-8685-563871C7296C}.Ad-Hoc|x86.ActiveCfg = Release|Any CPU
		{64671E01-1E62-4473-8685-563871C7296C}.Ad-Hoc|x86.Build.0 = Release|Any CPU
		{64671E01-1E62-4473-8685-563871C7296C}.AppStore|Any CPU.ActiveCfg = Release|Any CPU
		{64671E01-1E62-4473-8685-563871C7296C}.AppStore|Any CPU.Build.0 = Release|Any CPU
		{64671E01-1E62-4473-8685-563871C7296C}.AppStore|ARM.ActiveCfg = Release|Any CPU
		{64671E01-1E62-4473-8685-563871C7296C}.AppStore|ARM.Build.0 = Release|Any CPU
		{64671E01-1E62-4473-8685-563871C7296C}.AppStore|iPhone.ActiveCfg = Release|Any CPU
		{64671E01-1E62-4473-8685-563871C7296C}.AppStore|iPhone.Build.0 = Release|Any CPU
		{64671E01-1E62-4473-8685-563871C7296C}.AppStore|iPhoneSimulator.ActiveCfg = Release|Any CPU
		{64671E01-1E62-4473-8685-563871C7296C}.AppStore|iPhoneSimulator.Build.0 = Release|Any CPU
		{64671E01-1E62-4473-8685-563871C7296C}.AppStore|x64.ActiveCfg = Release|Any CPU
		{64671E01-1E62-4473-8685-563871C7296C}.AppStore|x64.Build.0 = Release|Any CPU
		{64671E01-1E62-4473-8685-563871C7296C}.AppStore|x86.ActiveCfg = Release|Any CPU
		{64671E01-1E62-4473-8685-563871C7296C}.AppStore|x86.Build.0 = Release|Any CPU
		{64671E01-1E62-4473-8685-563871C7296C}.Debug|Any CPU.ActiveCfg = Debug|Any CPU
		{64671E01-1E62-4473-8685-563871C7296C}.Debug|Any CPU.Build.0 = Debug|Any CPU
		{64671E01-1E62-4473-8685-563871C7296C}.Debug|ARM.ActiveCfg = Debug|Any CPU
		{64671E01-1E62-4473-8685-563871C7296C}.Debug|ARM.Build.0 = Debug|Any CPU
		{64671E01-1E62-4473-8685-563871C7296C}.Debug|iPhone.ActiveCfg = Debug|Any CPU
		{64671E01-1E62-4473-8685-563871C7296C}.Debug|iPhone.Build.0 = Debug|Any CPU
		{64671E01-1E62-4473-8685-563871C7296C}.Debug|iPhoneSimulator.ActiveCfg = Debug|Any CPU
		{64671E01-1E62-4473-8685-563871C7296C}.Debug|iPhoneSimulator.Build.0 = Debug|Any CPU
		{64671E01-1E62-4473-8685-563871C7296C}.Debug|x64.ActiveCfg = Debug|Any CPU
		{64671E01-1E62-4473-8685-563871C7296C}.Debug|x64.Build.0 = Debug|Any CPU
		{64671E01-1E62-4473-8685-563871C7296C}.Debug|x86.ActiveCfg = Debug|Any CPU
		{64671E01-1E62-4473-8685-563871C7296C}.Debug|x86.Build.0 = Debug|Any CPU
		{64671E01-1E62-4473-8685-563871C7296C}.Release|Any CPU.ActiveCfg = Release|Any CPU
		{64671E01-1E62-4473-8685-563871C7296C}.Release|Any CPU.Build.0 = Release|Any CPU
		{64671E01-1E62-4473-8685-563871C7296C}.Release|ARM.ActiveCfg = Release|Any CPU
		{64671E01-1E62-4473-8685-563871C7296C}.Release|ARM.Build.0 = Release|Any CPU
		{64671E01-1E62-4473-8685-563871C7296C}.Release|iPhone.ActiveCfg = Release|Any CPU
		{64671E01-1E62-4473-8685-563871C7296C}.Release|iPhone.Build.0 = Release|Any CPU
		{64671E01-1E62-4473-8685-563871C7296C}.Release|iPhoneSimulator.ActiveCfg = Release|Any CPU
		{64671E01-1E62-4473-8685-563871C7296C}.Release|iPhoneSimulator.Build.0 = Release|Any CPU
		{64671E01-1E62-4473-8685-563871C7296C}.Release|x64.ActiveCfg = Release|Any CPU
		{64671E01-1E62-4473-8685-563871C7296C}.Release|x64.Build.0 = Release|Any CPU
		{64671E01-1E62-4473-8685-563871C7296C}.Release|x86.ActiveCfg = Release|Any CPU
		{64671E01-1E62-4473-8685-563871C7296C}.Release|x86.Build.0 = Release|Any CPU
		{64EA991D-D1FB-468E-994F-57C5C43C09AA}.Ad-Hoc|Any CPU.ActiveCfg = Release|Any CPU
		{64EA991D-D1FB-468E-994F-57C5C43C09AA}.Ad-Hoc|Any CPU.Build.0 = Release|Any CPU
		{64EA991D-D1FB-468E-994F-57C5C43C09AA}.Ad-Hoc|Any CPU.Deploy.0 = Release|Any CPU
		{64EA991D-D1FB-468E-994F-57C5C43C09AA}.Ad-Hoc|ARM.ActiveCfg = Release|Any CPU
		{64EA991D-D1FB-468E-994F-57C5C43C09AA}.Ad-Hoc|ARM.Build.0 = Release|Any CPU
		{64EA991D-D1FB-468E-994F-57C5C43C09AA}.Ad-Hoc|ARM.Deploy.0 = Release|Any CPU
		{64EA991D-D1FB-468E-994F-57C5C43C09AA}.Ad-Hoc|iPhone.ActiveCfg = Release|Any CPU
		{64EA991D-D1FB-468E-994F-57C5C43C09AA}.Ad-Hoc|iPhone.Build.0 = Release|Any CPU
		{64EA991D-D1FB-468E-994F-57C5C43C09AA}.Ad-Hoc|iPhone.Deploy.0 = Release|Any CPU
		{64EA991D-D1FB-468E-994F-57C5C43C09AA}.Ad-Hoc|iPhoneSimulator.ActiveCfg = Release|Any CPU
		{64EA991D-D1FB-468E-994F-57C5C43C09AA}.Ad-Hoc|iPhoneSimulator.Build.0 = Release|Any CPU
		{64EA991D-D1FB-468E-994F-57C5C43C09AA}.Ad-Hoc|iPhoneSimulator.Deploy.0 = Release|Any CPU
		{64EA991D-D1FB-468E-994F-57C5C43C09AA}.Ad-Hoc|x64.ActiveCfg = Release|Any CPU
		{64EA991D-D1FB-468E-994F-57C5C43C09AA}.Ad-Hoc|x64.Build.0 = Release|Any CPU
		{64EA991D-D1FB-468E-994F-57C5C43C09AA}.Ad-Hoc|x64.Deploy.0 = Release|Any CPU
		{64EA991D-D1FB-468E-994F-57C5C43C09AA}.Ad-Hoc|x86.ActiveCfg = Release|Any CPU
		{64EA991D-D1FB-468E-994F-57C5C43C09AA}.Ad-Hoc|x86.Build.0 = Release|Any CPU
		{64EA991D-D1FB-468E-994F-57C5C43C09AA}.Ad-Hoc|x86.Deploy.0 = Release|Any CPU
		{64EA991D-D1FB-468E-994F-57C5C43C09AA}.AppStore|Any CPU.ActiveCfg = Release|Any CPU
		{64EA991D-D1FB-468E-994F-57C5C43C09AA}.AppStore|Any CPU.Build.0 = Release|Any CPU
		{64EA991D-D1FB-468E-994F-57C5C43C09AA}.AppStore|Any CPU.Deploy.0 = Release|Any CPU
		{64EA991D-D1FB-468E-994F-57C5C43C09AA}.AppStore|ARM.ActiveCfg = Release|Any CPU
		{64EA991D-D1FB-468E-994F-57C5C43C09AA}.AppStore|ARM.Build.0 = Release|Any CPU
		{64EA991D-D1FB-468E-994F-57C5C43C09AA}.AppStore|ARM.Deploy.0 = Release|Any CPU
		{64EA991D-D1FB-468E-994F-57C5C43C09AA}.AppStore|iPhone.ActiveCfg = Release|Any CPU
		{64EA991D-D1FB-468E-994F-57C5C43C09AA}.AppStore|iPhone.Build.0 = Release|Any CPU
		{64EA991D-D1FB-468E-994F-57C5C43C09AA}.AppStore|iPhone.Deploy.0 = Release|Any CPU
		{64EA991D-D1FB-468E-994F-57C5C43C09AA}.AppStore|iPhoneSimulator.ActiveCfg = Release|Any CPU
		{64EA991D-D1FB-468E-994F-57C5C43C09AA}.AppStore|iPhoneSimulator.Build.0 = Release|Any CPU
		{64EA991D-D1FB-468E-994F-57C5C43C09AA}.AppStore|iPhoneSimulator.Deploy.0 = Release|Any CPU
		{64EA991D-D1FB-468E-994F-57C5C43C09AA}.AppStore|x64.ActiveCfg = Release|Any CPU
		{64EA991D-D1FB-468E-994F-57C5C43C09AA}.AppStore|x64.Build.0 = Release|Any CPU
		{64EA991D-D1FB-468E-994F-57C5C43C09AA}.AppStore|x64.Deploy.0 = Release|Any CPU
		{64EA991D-D1FB-468E-994F-57C5C43C09AA}.AppStore|x86.ActiveCfg = Release|Any CPU
		{64EA991D-D1FB-468E-994F-57C5C43C09AA}.AppStore|x86.Build.0 = Release|Any CPU
		{64EA991D-D1FB-468E-994F-57C5C43C09AA}.AppStore|x86.Deploy.0 = Release|Any CPU
		{64EA991D-D1FB-468E-994F-57C5C43C09AA}.Debug|Any CPU.ActiveCfg = Debug|Any CPU
		{64EA991D-D1FB-468E-994F-57C5C43C09AA}.Debug|Any CPU.Build.0 = Debug|Any CPU
		{64EA991D-D1FB-468E-994F-57C5C43C09AA}.Debug|Any CPU.Deploy.0 = Debug|Any CPU
		{64EA991D-D1FB-468E-994F-57C5C43C09AA}.Debug|ARM.ActiveCfg = Debug|Any CPU
		{64EA991D-D1FB-468E-994F-57C5C43C09AA}.Debug|ARM.Build.0 = Debug|Any CPU
		{64EA991D-D1FB-468E-994F-57C5C43C09AA}.Debug|ARM.Deploy.0 = Debug|Any CPU
		{64EA991D-D1FB-468E-994F-57C5C43C09AA}.Debug|iPhone.ActiveCfg = Debug|Any CPU
		{64EA991D-D1FB-468E-994F-57C5C43C09AA}.Debug|iPhone.Build.0 = Debug|Any CPU
		{64EA991D-D1FB-468E-994F-57C5C43C09AA}.Debug|iPhone.Deploy.0 = Debug|Any CPU
		{64EA991D-D1FB-468E-994F-57C5C43C09AA}.Debug|iPhoneSimulator.ActiveCfg = Debug|Any CPU
		{64EA991D-D1FB-468E-994F-57C5C43C09AA}.Debug|iPhoneSimulator.Build.0 = Debug|Any CPU
		{64EA991D-D1FB-468E-994F-57C5C43C09AA}.Debug|iPhoneSimulator.Deploy.0 = Debug|Any CPU
		{64EA991D-D1FB-468E-994F-57C5C43C09AA}.Debug|x64.ActiveCfg = Debug|Any CPU
		{64EA991D-D1FB-468E-994F-57C5C43C09AA}.Debug|x64.Build.0 = Debug|Any CPU
		{64EA991D-D1FB-468E-994F-57C5C43C09AA}.Debug|x64.Deploy.0 = Debug|Any CPU
		{64EA991D-D1FB-468E-994F-57C5C43C09AA}.Debug|x86.ActiveCfg = Debug|Any CPU
		{64EA991D-D1FB-468E-994F-57C5C43C09AA}.Debug|x86.Build.0 = Debug|Any CPU
		{64EA991D-D1FB-468E-994F-57C5C43C09AA}.Debug|x86.Deploy.0 = Debug|Any CPU
		{64EA991D-D1FB-468E-994F-57C5C43C09AA}.Release|Any CPU.ActiveCfg = Release|Any CPU
		{64EA991D-D1FB-468E-994F-57C5C43C09AA}.Release|Any CPU.Build.0 = Release|Any CPU
		{64EA991D-D1FB-468E-994F-57C5C43C09AA}.Release|Any CPU.Deploy.0 = Release|Any CPU
		{64EA991D-D1FB-468E-994F-57C5C43C09AA}.Release|ARM.ActiveCfg = Release|Any CPU
		{64EA991D-D1FB-468E-994F-57C5C43C09AA}.Release|ARM.Build.0 = Release|Any CPU
		{64EA991D-D1FB-468E-994F-57C5C43C09AA}.Release|ARM.Deploy.0 = Release|Any CPU
		{64EA991D-D1FB-468E-994F-57C5C43C09AA}.Release|iPhone.ActiveCfg = Release|Any CPU
		{64EA991D-D1FB-468E-994F-57C5C43C09AA}.Release|iPhone.Build.0 = Release|Any CPU
		{64EA991D-D1FB-468E-994F-57C5C43C09AA}.Release|iPhone.Deploy.0 = Release|Any CPU
		{64EA991D-D1FB-468E-994F-57C5C43C09AA}.Release|iPhoneSimulator.ActiveCfg = Release|Any CPU
		{64EA991D-D1FB-468E-994F-57C5C43C09AA}.Release|iPhoneSimulator.Build.0 = Release|Any CPU
		{64EA991D-D1FB-468E-994F-57C5C43C09AA}.Release|iPhoneSimulator.Deploy.0 = Release|Any CPU
		{64EA991D-D1FB-468E-994F-57C5C43C09AA}.Release|x64.ActiveCfg = Release|Any CPU
		{64EA991D-D1FB-468E-994F-57C5C43C09AA}.Release|x64.Build.0 = Release|Any CPU
		{64EA991D-D1FB-468E-994F-57C5C43C09AA}.Release|x64.Deploy.0 = Release|Any CPU
		{64EA991D-D1FB-468E-994F-57C5C43C09AA}.Release|x86.ActiveCfg = Release|Any CPU
		{64EA991D-D1FB-468E-994F-57C5C43C09AA}.Release|x86.Build.0 = Release|Any CPU
		{64EA991D-D1FB-468E-994F-57C5C43C09AA}.Release|x86.Deploy.0 = Release|Any CPU
		{E5FCD2B5-50DD-4ABE-B72B-7BB559553B94}.Ad-Hoc|Any CPU.ActiveCfg = Ad-Hoc|iPhone
		{E5FCD2B5-50DD-4ABE-B72B-7BB559553B94}.Ad-Hoc|ARM.ActiveCfg = Ad-Hoc|iPhone
		{E5FCD2B5-50DD-4ABE-B72B-7BB559553B94}.Ad-Hoc|iPhone.ActiveCfg = Ad-Hoc|iPhone
		{E5FCD2B5-50DD-4ABE-B72B-7BB559553B94}.Ad-Hoc|iPhone.Build.0 = Ad-Hoc|iPhone
		{E5FCD2B5-50DD-4ABE-B72B-7BB559553B94}.Ad-Hoc|iPhoneSimulator.ActiveCfg = Ad-Hoc|iPhoneSimulator
		{E5FCD2B5-50DD-4ABE-B72B-7BB559553B94}.Ad-Hoc|iPhoneSimulator.Build.0 = Ad-Hoc|iPhoneSimulator
		{E5FCD2B5-50DD-4ABE-B72B-7BB559553B94}.Ad-Hoc|x64.ActiveCfg = Ad-Hoc|iPhone
		{E5FCD2B5-50DD-4ABE-B72B-7BB559553B94}.Ad-Hoc|x86.ActiveCfg = Ad-Hoc|iPhone
		{E5FCD2B5-50DD-4ABE-B72B-7BB559553B94}.AppStore|Any CPU.ActiveCfg = AppStore|iPhone
		{E5FCD2B5-50DD-4ABE-B72B-7BB559553B94}.AppStore|ARM.ActiveCfg = AppStore|iPhone
		{E5FCD2B5-50DD-4ABE-B72B-7BB559553B94}.AppStore|iPhone.ActiveCfg = AppStore|iPhone
		{E5FCD2B5-50DD-4ABE-B72B-7BB559553B94}.AppStore|iPhone.Build.0 = AppStore|iPhone
		{E5FCD2B5-50DD-4ABE-B72B-7BB559553B94}.AppStore|iPhoneSimulator.ActiveCfg = AppStore|iPhoneSimulator
		{E5FCD2B5-50DD-4ABE-B72B-7BB559553B94}.AppStore|iPhoneSimulator.Build.0 = AppStore|iPhoneSimulator
		{E5FCD2B5-50DD-4ABE-B72B-7BB559553B94}.AppStore|x64.ActiveCfg = AppStore|iPhone
		{E5FCD2B5-50DD-4ABE-B72B-7BB559553B94}.AppStore|x86.ActiveCfg = AppStore|iPhone
		{E5FCD2B5-50DD-4ABE-B72B-7BB559553B94}.Debug|Any CPU.ActiveCfg = Debug|iPhone
		{E5FCD2B5-50DD-4ABE-B72B-7BB559553B94}.Debug|ARM.ActiveCfg = Debug|iPhone
		{E5FCD2B5-50DD-4ABE-B72B-7BB559553B94}.Debug|iPhone.ActiveCfg = Debug|iPhone
		{E5FCD2B5-50DD-4ABE-B72B-7BB559553B94}.Debug|iPhone.Build.0 = Debug|iPhone
		{E5FCD2B5-50DD-4ABE-B72B-7BB559553B94}.Debug|iPhoneSimulator.ActiveCfg = Debug|iPhoneSimulator
		{E5FCD2B5-50DD-4ABE-B72B-7BB559553B94}.Debug|iPhoneSimulator.Build.0 = Debug|iPhoneSimulator
		{E5FCD2B5-50DD-4ABE-B72B-7BB559553B94}.Debug|x64.ActiveCfg = Debug|iPhone
		{E5FCD2B5-50DD-4ABE-B72B-7BB559553B94}.Debug|x86.ActiveCfg = Debug|iPhone
		{E5FCD2B5-50DD-4ABE-B72B-7BB559553B94}.Release|Any CPU.ActiveCfg = Release|iPhone
		{E5FCD2B5-50DD-4ABE-B72B-7BB559553B94}.Release|ARM.ActiveCfg = Release|iPhone
		{E5FCD2B5-50DD-4ABE-B72B-7BB559553B94}.Release|iPhone.ActiveCfg = Release|iPhone
		{E5FCD2B5-50DD-4ABE-B72B-7BB559553B94}.Release|iPhone.Build.0 = Release|iPhone
		{E5FCD2B5-50DD-4ABE-B72B-7BB559553B94}.Release|iPhoneSimulator.ActiveCfg = Release|iPhoneSimulator
		{E5FCD2B5-50DD-4ABE-B72B-7BB559553B94}.Release|iPhoneSimulator.Build.0 = Release|iPhoneSimulator
		{E5FCD2B5-50DD-4ABE-B72B-7BB559553B94}.Release|x64.ActiveCfg = Release|iPhone
		{E5FCD2B5-50DD-4ABE-B72B-7BB559553B94}.Release|x86.ActiveCfg = Release|iPhone
		{62A2AF7E-FC21-4C92-B035-258002E507BA}.Ad-Hoc|Any CPU.ActiveCfg = Release|x86
		{62A2AF7E-FC21-4C92-B035-258002E507BA}.Ad-Hoc|Any CPU.Build.0 = Release|x86
		{62A2AF7E-FC21-4C92-B035-258002E507BA}.Ad-Hoc|Any CPU.Deploy.0 = Release|x86
		{62A2AF7E-FC21-4C92-B035-258002E507BA}.Ad-Hoc|ARM.ActiveCfg = Release|ARM
		{62A2AF7E-FC21-4C92-B035-258002E507BA}.Ad-Hoc|ARM.Build.0 = Release|ARM
		{62A2AF7E-FC21-4C92-B035-258002E507BA}.Ad-Hoc|ARM.Deploy.0 = Release|ARM
		{62A2AF7E-FC21-4C92-B035-258002E507BA}.Ad-Hoc|iPhone.ActiveCfg = Release|x86
		{62A2AF7E-FC21-4C92-B035-258002E507BA}.Ad-Hoc|iPhone.Build.0 = Release|x86
		{62A2AF7E-FC21-4C92-B035-258002E507BA}.Ad-Hoc|iPhone.Deploy.0 = Release|x86
		{62A2AF7E-FC21-4C92-B035-258002E507BA}.Ad-Hoc|iPhoneSimulator.ActiveCfg = Release|x86
		{62A2AF7E-FC21-4C92-B035-258002E507BA}.Ad-Hoc|iPhoneSimulator.Build.0 = Release|x86
		{62A2AF7E-FC21-4C92-B035-258002E507BA}.Ad-Hoc|iPhoneSimulator.Deploy.0 = Release|x86
		{62A2AF7E-FC21-4C92-B035-258002E507BA}.Ad-Hoc|x64.ActiveCfg = Release|x64
		{62A2AF7E-FC21-4C92-B035-258002E507BA}.Ad-Hoc|x64.Build.0 = Release|x64
		{62A2AF7E-FC21-4C92-B035-258002E507BA}.Ad-Hoc|x64.Deploy.0 = Release|x64
		{62A2AF7E-FC21-4C92-B035-258002E507BA}.Ad-Hoc|x86.ActiveCfg = Release|x86
		{62A2AF7E-FC21-4C92-B035-258002E507BA}.Ad-Hoc|x86.Build.0 = Release|x86
		{62A2AF7E-FC21-4C92-B035-258002E507BA}.Ad-Hoc|x86.Deploy.0 = Release|x86
		{62A2AF7E-FC21-4C92-B035-258002E507BA}.AppStore|Any CPU.ActiveCfg = Release|x86
		{62A2AF7E-FC21-4C92-B035-258002E507BA}.AppStore|Any CPU.Build.0 = Release|x86
		{62A2AF7E-FC21-4C92-B035-258002E507BA}.AppStore|Any CPU.Deploy.0 = Release|x86
		{62A2AF7E-FC21-4C92-B035-258002E507BA}.AppStore|ARM.ActiveCfg = Release|ARM
		{62A2AF7E-FC21-4C92-B035-258002E507BA}.AppStore|ARM.Build.0 = Release|ARM
		{62A2AF7E-FC21-4C92-B035-258002E507BA}.AppStore|ARM.Deploy.0 = Release|ARM
		{62A2AF7E-FC21-4C92-B035-258002E507BA}.AppStore|iPhone.ActiveCfg = Release|x86
		{62A2AF7E-FC21-4C92-B035-258002E507BA}.AppStore|iPhone.Build.0 = Release|x86
		{62A2AF7E-FC21-4C92-B035-258002E507BA}.AppStore|iPhone.Deploy.0 = Release|x86
		{62A2AF7E-FC21-4C92-B035-258002E507BA}.AppStore|iPhoneSimulator.ActiveCfg = Release|x86
		{62A2AF7E-FC21-4C92-B035-258002E507BA}.AppStore|iPhoneSimulator.Build.0 = Release|x86
		{62A2AF7E-FC21-4C92-B035-258002E507BA}.AppStore|iPhoneSimulator.Deploy.0 = Release|x86
		{62A2AF7E-FC21-4C92-B035-258002E507BA}.AppStore|x64.ActiveCfg = Release|x64
		{62A2AF7E-FC21-4C92-B035-258002E507BA}.AppStore|x64.Build.0 = Release|x64
		{62A2AF7E-FC21-4C92-B035-258002E507BA}.AppStore|x64.Deploy.0 = Release|x64
		{62A2AF7E-FC21-4C92-B035-258002E507BA}.AppStore|x86.ActiveCfg = Release|x86
		{62A2AF7E-FC21-4C92-B035-258002E507BA}.AppStore|x86.Build.0 = Release|x86
		{62A2AF7E-FC21-4C92-B035-258002E507BA}.AppStore|x86.Deploy.0 = Release|x86
		{62A2AF7E-FC21-4C92-B035-258002E507BA}.Debug|Any CPU.ActiveCfg = Debug|x86
		{62A2AF7E-FC21-4C92-B035-258002E507BA}.Debug|ARM.ActiveCfg = Debug|ARM
		{62A2AF7E-FC21-4C92-B035-258002E507BA}.Debug|ARM.Build.0 = Debug|ARM
		{62A2AF7E-FC21-4C92-B035-258002E507BA}.Debug|ARM.Deploy.0 = Debug|ARM
		{62A2AF7E-FC21-4C92-B035-258002E507BA}.Debug|iPhone.ActiveCfg = Debug|x86
		{62A2AF7E-FC21-4C92-B035-258002E507BA}.Debug|iPhoneSimulator.ActiveCfg = Debug|x86
		{62A2AF7E-FC21-4C92-B035-258002E507BA}.Debug|x64.ActiveCfg = Debug|x64
		{62A2AF7E-FC21-4C92-B035-258002E507BA}.Debug|x64.Build.0 = Debug|x64
		{62A2AF7E-FC21-4C92-B035-258002E507BA}.Debug|x64.Deploy.0 = Debug|x64
		{62A2AF7E-FC21-4C92-B035-258002E507BA}.Debug|x86.ActiveCfg = Debug|x86
		{62A2AF7E-FC21-4C92-B035-258002E507BA}.Debug|x86.Build.0 = Debug|x86
		{62A2AF7E-FC21-4C92-B035-258002E507BA}.Debug|x86.Deploy.0 = Debug|x86
		{62A2AF7E-FC21-4C92-B035-258002E507BA}.Release|Any CPU.ActiveCfg = Release|x86
		{62A2AF7E-FC21-4C92-B035-258002E507BA}.Release|ARM.ActiveCfg = Release|ARM
		{62A2AF7E-FC21-4C92-B035-258002E507BA}.Release|ARM.Build.0 = Release|ARM
		{62A2AF7E-FC21-4C92-B035-258002E507BA}.Release|ARM.Deploy.0 = Release|ARM
		{62A2AF7E-FC21-4C92-B035-258002E507BA}.Release|iPhone.ActiveCfg = Release|x86
		{62A2AF7E-FC21-4C92-B035-258002E507BA}.Release|iPhoneSimulator.ActiveCfg = Release|x86
		{62A2AF7E-FC21-4C92-B035-258002E507BA}.Release|x64.ActiveCfg = Release|x64
		{62A2AF7E-FC21-4C92-B035-258002E507BA}.Release|x64.Build.0 = Release|x64
		{62A2AF7E-FC21-4C92-B035-258002E507BA}.Release|x64.Deploy.0 = Release|x64
		{62A2AF7E-FC21-4C92-B035-258002E507BA}.Release|x86.ActiveCfg = Release|x86
		{62A2AF7E-FC21-4C92-B035-258002E507BA}.Release|x86.Build.0 = Release|x86
		{62A2AF7E-FC21-4C92-B035-258002E507BA}.Release|x86.Deploy.0 = Release|x86
	EndGlobalSection
	GlobalSection(SolutionProperties) = preSolution
		HideSolutionNode = FALSE
	EndGlobalSection
EndGlobal
